
Microsoft Visual Studio Solution File, Format Version 12.00
# Visual Studio 15
VisualStudioVersion = 15.0.27130.2010
MinimumVisualStudioVersion = 10.0.40219.1
Project("{FAE04EC0-301F-11D3-BF4B-00C04F79EFBC}") = "ConsoleApp9", "ConsoleApp9\ConsoleApp9.csproj", "{24F7073E-862F-44EE-9E81-A36DB86D869A}"
EndProject
Global
	GlobalSection(SolutionConfigurationPlatforms) = preSolution
		Debug|Any CPU = Debug|Any CPU
		Release|Any CPU = Release|Any CPU
	EndGlobalSection
	GlobalSection(ProjectConfigurationPlatforms) = postSolution
		{24F7073E-862F-44EE-9E81-A36DB86D869A}.Debug|Any CPU.ActiveCfg = Debug|Any CPU
		{24F7073E-862F-44EE-9E81-A36DB86D869A}.Debug|Any CPU.Build.0 = Debug|Any CPU
		{24F7073E-862F-44EE-9E81-A36DB86D869A}.Release|Any CPU.ActiveCfg = Release|Any CPU
		{24F7073E-862F-44EE-9E81-A36DB86D869A}.Release|Any CPU.Build.0 = Release|Any CPU
	EndGlobalSection
	GlobalSection(SolutionProperties) = preSolution
		HideSolutionNode = FALSE
	EndGlobalSection
	GlobalSection(ExtensibilityGlobals) = postSolution
		SolutionGuid = {F1FFF4A3-0B92-4162-B5C7-BD179D6833EC}
	EndGlobalSection
EndGlobal
